
Microsoft Visual Studio Solution File, Format Version 12.00
# Visual Studio 2013
VisualStudioVersion = 12.0.30501.0
MinimumVisualStudioVersion = 10.0.40219.1
Project("{FAE04EC0-301F-11D3-BF4B-00C04F79EFBC}") = "BP.Maze.Test", "BP.Maze.Test\BP.Maze.Test.csproj", "{E22CE6D1-F484-4E5D-8795-E3D0AA535A1D}"
EndProject
Project("{FAE04EC0-301F-11D3-BF4B-00C04F79EFBC}") = "BP.Maze.Entity", "BP.Maze.Entity\BP.Maze.Entity.csproj", "{5C78B076-52E3-4EA4-8425-6E8FD6A8E083}"
EndProject
Project("{FAE04EC0-301F-11D3-BF4B-00C04F79EFBC}") = "BP.Maze.Service", "BP.Maze.Service\BP.Maze.Service.csproj", "{E5649331-6434-47EE-888B-6783E9E480BA}"
EndProject
Project("{2150E333-8FDC-42A3-9474-1A3956D46DE8}") = "Application", "Application", "{0D1068AF-31E5-4AA1-8B41-03B22195864F}"
EndProject
Project("{2150E333-8FDC-42A3-9474-1A3956D46DE8}") = "Test", "Test", "{6E823ECA-0487-4C82-8149-9B42869AC07F}"
EndProject
Global
	GlobalSection(SolutionConfigurationPlatforms) = preSolution
		Debug|Any CPU = Debug|Any CPU
		Release|Any CPU = Release|Any CPU
	EndGlobalSection
	GlobalSection(ProjectConfigurationPlatforms) = postSolution
		{E22CE6D1-F484-4E5D-8795-E3D0AA535A1D}.Debug|Any CPU.ActiveCfg = Debug|Any CPU
		{E22CE6D1-F484-4E5D-8795-E3D0AA535A1D}.Debug|Any CPU.Build.0 = Debug|Any CPU
		{E22CE6D1-F484-4E5D-8795-E3D0AA535A1D}.Release|Any CPU.ActiveCfg = Release|Any CPU
		{E22CE6D1-F484-4E5D-8795-E3D0AA535A1D}.Release|Any CPU.Build.0 = Release|Any CPU
		{5C78B076-52E3-4EA4-8425-6E8FD6A8E083}.Debug|Any CPU.ActiveCfg = Debug|Any CPU
		{5C78B076-52E3-4EA4-8425-6E8FD6A8E083}.Debug|Any CPU.Build.0 = Debug|Any CPU
		{5C78B076-52E3-4EA4-8425-6E8FD6A8E083}.Release|Any CPU.ActiveCfg = Release|Any CPU
		{5C78B076-52E3-4EA4-8425-6E8FD6A8E083}.Release|Any CPU.Build.0 = Release|Any CPU
		{E5649331-6434-47EE-888B-6783E9E480BA}.Debug|Any CPU.ActiveCfg = Debug|Any CPU
		{E5649331-6434-47EE-888B-6783E9E480BA}.Debug|Any CPU.Build.0 = Debug|Any CPU
		{E5649331-6434-47EE-888B-6783E9E480BA}.Release|Any CPU.ActiveCfg = Release|Any CPU
		{E5649331-6434-47EE-888B-6783E9E480BA}.Release|Any CPU.Build.0 = Release|Any CPU
	EndGlobalSection
	GlobalSection(SolutionProperties) = preSolution
		HideSolutionNode = FALSE
	EndGlobalSection
	GlobalSection(NestedProjects) = preSolution
		{E22CE6D1-F484-4E5D-8795-E3D0AA535A1D} = {6E823ECA-0487-4C82-8149-9B42869AC07F}
		{5C78B076-52E3-4EA4-8425-6E8FD6A8E083} = {0D1068AF-31E5-4AA1-8B41-03B22195864F}
		{E5649331-6434-47EE-888B-6783E9E480BA} = {0D1068AF-31E5-4AA1-8B41-03B22195864F}
	EndGlobalSection
EndGlobal
